PODS:
  - Alamofire (4.8.2)
  - AlamofireObjectMapper (5.2.0):
    - Alamofire (~> 4.7)
    - ObjectMapper (~> 3.4)
  - CLWeeklyCalendarView (0.0.3)
  - CreditCardForm (0.2.0)
  - DynamicBlurView (2.0.2)
  - GoogleMaps (2.7.0):
    - GoogleMaps/Maps (= 2.7.0)
  - GoogleMaps/Base (2.7.0)
  - GoogleMaps/Maps (2.7.0):
    - GoogleMaps/Base
  - GooglePlaces (2.7.0):
    - GoogleMaps/Base (= 2.7.0)
  - IQKeyboardManagerSwift (6.0.4)
  - KWDrawerController (4.1.6):
    - KWDrawerController/Core (= 4.1.6)
  - KWDrawerController/Core (4.1.6)
  - lottie-ios (3.1.8)
  - ObjectMapper (3.4.2)
  - PINCache (3.0.3):
    - PINCache/Arc-exception-safe (= 3.0.3)
    - PINCache/Core (= 3.0.3)
  - PINCache/Arc-exception-safe (3.0.3):
    - PINCache/Core
  - PINCache/Core (3.0.3):
    - PINOperation (~> 1.2.1)
  - PINOperation (1.2.1)
  - PINRemoteImage (3.0.3):
    - PINRemoteImage/PINCache (= 3.0.3)
  - PINRemoteImage/Core (3.0.3):
    - PINOperation
  - PINRemoteImage/PINCache (3.0.3):
    - PINCache (~> 3.0.3)
    - PINRemoteImage/Core
  - PopupDialog (0.7.1):
    - DynamicBlurView (~> 2.0)
  - PubNub (4.15.4):
    - PubNub/Core (= 4.15.4)
  - PubNub/Core (4.15.4)
  - Stripe (20.1.1)
  - SwiftyJSON (5.0.0)
  - TwilioVideo (2.12.0)
  - TwilioVoice (5.5.1)

DEPENDENCIES:
  - Alamofire (= 4.8.2)
  - AlamofireObjectMapper
  - CLWeeklyCalendarView
  - CreditCardForm
  - GoogleMaps
  - GooglePlaces
  - IQKeyboardManagerSwift
  - KWDrawerController (~> 4.1.6)
  - lottie-ios
  - PINRemoteImage
  - PopupDialog (~> 0.7)
  - PubNub (~> 4)
  - Stripe (~> 20.1.1)
  - SwiftyJSON
  - TwilioVideo (~> 2.10)
  - TwilioVoice (~> 5.5.0)

SPEC REPOS:
  https://github.com/CocoaPods/Specs.git:
    - AlamofireObjectMapper
    - DynamicBlurView
    - GoogleMaps
    - GooglePlaces
    - IQKeyboardManagerSwift
    - KWDrawerController
    - ObjectMapper
    - PopupDialog
  trunk:
    - Alamofire
    - CLWeeklyCalendarView
    - CreditCardForm
    - lottie-ios
    - PINCache
    - PINOperation
    - PINRemoteImage
    - PubNub
    - Stripe
    - SwiftyJSON
    - TwilioVideo
    - TwilioVoice

SPEC CHECKSUMS:
  Alamofire: ae5c501addb7afdbb13687d7f2f722c78734c2d3
  AlamofireObjectMapper: 92b6ce2423a9d159e686f6a1d514a009bf903ddc
  CLWeeklyCalendarView: 74d8511e58b40cb9571afc51b90217e32b51f891
  CreditCardForm: bba4aad545236f97f2dc45ea3bed0cb57d5e0e99
  DynamicBlurView: aa6db4defc6e537eb86fc5e58dd3991666178399
  GoogleMaps: f79af95cb24d869457b1f961c93d3ce8b2f3b848
  GooglePlaces: 3d06e6c99654545b4738ce49648745779c25f2ef
  IQKeyboardManagerSwift: 36dbe324b4f9793f5f41ba5227f3e7c76dfefd50
  KWDrawerController: bf8fc10ddc596ddbfdabda401357a99dba04a1c8
  lottie-ios: 48fac6be217c76937e36e340e2d09cf7b10b7f5f
  ObjectMapper: 0d4402610f4e468903ae64629eec4784531e5c51
  PINCache: 7a8fc1a691173d21dbddbf86cd515de6efa55086
  PINOperation: 00c935935f1e8cf0d1e2d6b542e75b88fc3e5e20
  PINRemoteImage: f1295b29f8c5e640e25335a1b2bd9d805171bd01
  PopupDialog: 39598b7d41719f5c025b4b70e62728bae7734fef
  PubNub: 0028862c42e5adafd2bf7cc8c062731c055da6e2
  Stripe: 2cb10595133247a96ece092eb0614786c604382f
  SwiftyJSON: 36413e04c44ee145039d332b4f4e2d3e8d6c4db7
  TwilioVideo: 057061e4302e4b2862b0ac6cf69a3321e7c29b19
  TwilioVoice: c440f2c964d3b0eba946c30c9f1018d8e5d82af9

PODFILE CHECKSUM: 8e15cd15a6d721974e7195cf2078fb84fbb49b06

COCOAPODS: 1.10.0
